
Microsoft Visual Studio Solution File, Format Version 12.00
# Visual Studio Version 17
VisualStudioVersion = 17.10.35013.160
MinimumVisualStudioVersion = 10.0.40219.1
Project("{2150E333-8FDC-42A3-9474-1A3956D46DE8}") = "File", "File", "{CE596F9D-CA6A-4BAC-9BAD-5010FB21DB20}"
	ProjectSection(SolutionItems) = preProject
		template.targets = template.targets
	EndProjectSection
EndProject
Project("{FAE04EC0-301F-11D3-BF4B-00C04F79EFBC}") = "Bilibili", "src\Bilibili\Bilibili.csproj", "{610D53ED-1A57-48BF-9B3C-6C7467A0F3C2}"
EndProject
Project("{FAE04EC0-301F-11D3-BF4B-00C04F79EFBC}") = "DeepSeek", "src\DeepSeek\DeepSeek.csproj", "{4F5C0C8C-05D1-457E-8222-98757A854121}"
EndProject
Project("{FAE04EC0-301F-11D3-BF4B-00C04F79EFBC}") = "BindTSplayer", "src\BindTSplayer\BindTSplayer.csproj", "{3526812A-AED9-4EBA-9506-CC18EFA69409}"
EndProject
Project("{FAE04EC0-301F-11D3-BF4B-00C04F79EFBC}") = "Disorder", "src\Disorder\Disorder.csproj", "{516CABBE-A3B0-4019-B397-E240F4CDD826}"
EndProject
Project("{FAE04EC0-301F-11D3-BF4B-00C04F79EFBC}") = "GitHook", "src\GitHook\GitHook.csproj", "{15E94CAB-1A97-4185-8619-029BF0003A46}"
EndProject
Project("{FAE04EC0-301F-11D3-BF4B-00C04F79EFBC}") = "OnlineReward", "src\OnlineReward\OnlineReward.csproj", "{F166680F-C527-4C3A-A5D0-6CBE5FA10319}"
EndProject
Project("{FAE04EC0-301F-11D3-BF4B-00C04F79EFBC}") = "PluginManager", "src\PluginManager\PluginManager.csproj", "{711B5042-E0A1-476B-8CEE-84A806E05236}"
EndProject
Project("{FAE04EC0-301F-11D3-BF4B-00C04F79EFBC}") = "TerrariaCart", "src\TerrariaCart\TerrariaCart.csproj", "{4A86A941-2C69-416B-A632-F96D64759AC2}"
EndProject
Project("{FAE04EC0-301F-11D3-BF4B-00C04F79EFBC}") = "TerrariaMap", "src\TerrariaMap\TerrariaMap.csproj", "{C88DDD0E-ACC4-4830-8DD1-57603D6DEF5F}"
EndProject
Project("{FAE04EC0-301F-11D3-BF4B-00C04F79EFBC}") = "CommandUtils", "src\CommandUtils\CommandUtils.csproj", "{1D5D81E6-62E6-4891-970B-67CF07E6F3EF}"
EndProject
Project("{FAE04EC0-301F-11D3-BF4B-00C04F79EFBC}") = "Reply", "src\Reply\Reply.csproj", "{F94A6561-F0E6-497F-AC31-A44A1E227FE3}"
EndProject
Project("{FAE04EC0-301F-11D3-BF4B-00C04F79EFBC}") = "DetectTShock", "src\DetectTShock\DetectTShock.csproj", "{DAA0856A-2BAA-7125-ACC7-DBB3A1E75E3A}"
EndProject
Project("{FAE04EC0-301F-11D3-BF4B-00C04F79EFBC}") = "AIDrawImage", "src\AIDrawImage\AIDrawImage.csproj", "{C48BB597-D6CC-4B3B-ABEA-307F3BCE1803}"
EndProject
Project("{FAE04EC0-301F-11D3-BF4B-00C04F79EFBC}") = "ChatGlm", "src\ChatGlm\ChatGlm.csproj", "{7EF79F26-D9E6-42E9-A1F8-B12260001344}"
EndProject
Global
	GlobalSection(SolutionConfigurationPlatforms) = preSolution
		Debug|Any CPU = Debug|Any CPU
		Release|Any CPU = Release|Any CPU
	EndGlobalSection
	GlobalSection(ProjectConfigurationPlatforms) = postSolution
		{610D53ED-1A57-48BF-9B3C-6C7467A0F3C2}.Debug|Any CPU.ActiveCfg = Debug|Any CPU
		{610D53ED-1A57-48BF-9B3C-6C7467A0F3C2}.Debug|Any CPU.Build.0 = Debug|Any CPU
		{610D53ED-1A57-48BF-9B3C-6C7467A0F3C2}.Release|Any CPU.ActiveCfg = Release|Any CPU
		{610D53ED-1A57-48BF-9B3C-6C7467A0F3C2}.Release|Any CPU.Build.0 = Release|Any CPU
		{4F5C0C8C-05D1-457E-8222-98757A854121}.Debug|Any CPU.ActiveCfg = Debug|Any CPU
		{4F5C0C8C-05D1-457E-8222-98757A854121}.Debug|Any CPU.Build.0 = Debug|Any CPU
		{4F5C0C8C-05D1-457E-8222-98757A854121}.Release|Any CPU.ActiveCfg = Release|Any CPU
		{4F5C0C8C-05D1-457E-8222-98757A854121}.Release|Any CPU.Build.0 = Release|Any CPU
		{3526812A-AED9-4EBA-9506-CC18EFA69409}.Debug|Any CPU.ActiveCfg = Debug|Any CPU
		{3526812A-AED9-4EBA-9506-CC18EFA69409}.Debug|Any CPU.Build.0 = Debug|Any CPU
		{3526812A-AED9-4EBA-9506-CC18EFA69409}.Release|Any CPU.ActiveCfg = Release|Any CPU
		{3526812A-AED9-4EBA-9506-CC18EFA69409}.Release|Any CPU.Build.0 = Release|Any CPU
		{516CABBE-A3B0-4019-B397-E240F4CDD826}.Debug|Any CPU.ActiveCfg = Debug|Any CPU
		{516CABBE-A3B0-4019-B397-E240F4CDD826}.Debug|Any CPU.Build.0 = Debug|Any CPU
		{516CABBE-A3B0-4019-B397-E240F4CDD826}.Release|Any CPU.ActiveCfg = Release|Any CPU
		{516CABBE-A3B0-4019-B397-E240F4CDD826}.Release|Any CPU.Build.0 = Release|Any CPU
		{15E94CAB-1A97-4185-8619-029BF0003A46}.Debug|Any CPU.ActiveCfg = Debug|Any CPU
		{15E94CAB-1A97-4185-8619-029BF0003A46}.Debug|Any CPU.Build.0 = Debug|Any CPU
		{15E94CAB-1A97-4185-8619-029BF0003A46}.Release|Any CPU.ActiveCfg = Release|Any CPU
		{15E94CAB-1A97-4185-8619-029BF0003A46}.Release|Any CPU.Build.0 = Release|Any CPU
		{F166680F-C527-4C3A-A5D0-6CBE5FA10319}.Debug|Any CPU.ActiveCfg = Debug|Any CPU
		{F166680F-C527-4C3A-A5D0-6CBE5FA10319}.Debug|Any CPU.Build.0 = Debug|Any CPU
		{F166680F-C527-4C3A-A5D0-6CBE5FA10319}.Release|Any CPU.ActiveCfg = Release|Any CPU
		{F166680F-C527-4C3A-A5D0-6CBE5FA10319}.Release|Any CPU.Build.0 = Release|Any CPU
		{711B5042-E0A1-476B-8CEE-84A806E05236}.Debug|Any CPU.ActiveCfg = Debug|Any CPU
		{711B5042-E0A1-476B-8CEE-84A806E05236}.Debug|Any CPU.Build.0 = Debug|Any CPU
		{711B5042-E0A1-476B-8CEE-84A806E05236}.Release|Any CPU.ActiveCfg = Release|Any CPU
		{711B5042-E0A1-476B-8CEE-84A806E05236}.Release|Any CPU.Build.0 = Release|Any CPU
		{4A86A941-2C69-416B-A632-F96D64759AC2}.Debug|Any CPU.ActiveCfg = Debug|Any CPU
		{4A86A941-2C69-416B-A632-F96D64759AC2}.Debug|Any CPU.Build.0 = Debug|Any CPU
		{4A86A941-2C69-416B-A632-F96D64759AC2}.Release|Any CPU.ActiveCfg = Release|Any CPU
		{4A86A941-2C69-416B-A632-F96D64759AC2}.Release|Any CPU.Build.0 = Release|Any CPU
		{C88DDD0E-ACC4-4830-8DD1-57603D6DEF5F}.Debug|Any CPU.ActiveCfg = Debug|Any CPU
		{C88DDD0E-ACC4-4830-8DD1-57603D6DEF5F}.Debug|Any CPU.Build.0 = Debug|Any CPU
		{C88DDD0E-ACC4-4830-8DD1-57603D6DEF5F}.Release|Any CPU.ActiveCfg = Release|Any CPU
		{C88DDD0E-ACC4-4830-8DD1-57603D6DEF5F}.Release|Any CPU.Build.0 = Release|Any CPU
		{1D5D81E6-62E6-4891-970B-67CF07E6F3EF}.Debug|Any CPU.ActiveCfg = Debug|Any CPU
		{1D5D81E6-62E6-4891-970B-67CF07E6F3EF}.Debug|Any CPU.Build.0 = Debug|Any CPU
		{1D5D81E6-62E6-4891-970B-67CF07E6F3EF}.Release|Any CPU.ActiveCfg = Release|Any CPU
		{1D5D81E6-62E6-4891-970B-67CF07E6F3EF}.Release|Any CPU.Build.0 = Release|Any CPU
		{F94A6561-F0E6-497F-AC31-A44A1E227FE3}.Debug|Any CPU.ActiveCfg = Debug|Any CPU
		{F94A6561-F0E6-497F-AC31-A44A1E227FE3}.Debug|Any CPU.Build.0 = Debug|Any CPU
		{F94A6561-F0E6-497F-AC31-A44A1E227FE3}.Release|Any CPU.ActiveCfg = Release|Any CPU
		{F94A6561-F0E6-497F-AC31-A44A1E227FE3}.Release|Any CPU.Build.0 = Release|Any CPU
		{DAA0856A-2BAA-7125-ACC7-DBB3A1E75E3A}.Debug|Any CPU.ActiveCfg = Debug|Any CPU
		{DAA0856A-2BAA-7125-ACC7-DBB3A1E75E3A}.Debug|Any CPU.Build.0 = Debug|Any CPU
		{DAA0856A-2BAA-7125-ACC7-DBB3A1E75E3A}.Release|Any CPU.ActiveCfg = Release|Any CPU
		{DAA0856A-2BAA-7125-ACC7-DBB3A1E75E3A}.Release|Any CPU.Build.0 = Release|Any CPU
		{C48BB597-D6CC-4B3B-ABEA-307F3BCE1803}.Debug|Any CPU.ActiveCfg = Debug|Any CPU
		{C48BB597-D6CC-4B3B-ABEA-307F3BCE1803}.Debug|Any CPU.Build.0 = Debug|Any CPU
		{C48BB597-D6CC-4B3B-ABEA-307F3BCE1803}.Release|Any CPU.ActiveCfg = Release|Any CPU
		{C48BB597-D6CC-4B3B-ABEA-307F3BCE1803}.Release|Any CPU.Build.0 = Release|Any CPU
		{7EF79F26-D9E6-42E9-A1F8-B12260001344}.Debug|Any CPU.ActiveCfg = Debug|Any CPU
		{7EF79F26-D9E6-42E9-A1F8-B12260001344}.Debug|Any CPU.Build.0 = Debug|Any CPU
		{7EF79F26-D9E6-42E9-A1F8-B12260001344}.Release|Any CPU.ActiveCfg = Release|Any CPU
		{7EF79F26-D9E6-42E9-A1F8-B12260001344}.Release|Any CPU.Build.0 = Release|Any CPU
	EndGlobalSection
	GlobalSection(SolutionProperties) = preSolution
		HideSolutionNode = FALSE
	EndGlobalSection
	GlobalSection(ExtensibilityGlobals) = postSolution
		SolutionGuid = {1328C59F-702C-4CDF-B99E-3D9FA5EB312D}
	EndGlobalSection
EndGlobal
